
Microsoft Visual Studio Solution File, Format Version 12.00
# Visual Studio Version 17
VisualStudioVersion = 17.0.32014.148
MinimumVisualStudioVersion = 10.0.40219.1
Project("{FAE04EC0-301F-11D3-BF4B-00C04F79EFBC}") = "Com.Cswz.Demo", "Com.Cswz.Demo\Com.Cswz.Demo.csproj", "{F1BC7E8F-471C-4818-9284-DE8C974566A2}"
EndProject
Project("{FAE04EC0-301F-11D3-BF4B-00C04F79EFBC}") = "Com.Cswz.DBM", "Com.Cswz.DBM\Com.Cswz.DBM.csproj", "{686FC8C1-6AFC-4D4F-A8AF-61C76931765F}"
EndProject
Global
	GlobalSection(SolutionConfigurationPlatforms) = preSolution
		Debug|Any CPU = Debug|Any CPU
		Release|Any CPU = Release|Any CPU
	EndGlobalSection
	GlobalSection(ProjectConfigurationPlatforms) = postSolution
		{F1BC7E8F-471C-4818-9284-DE8C974566A2}.Debug|Any CPU.ActiveCfg = Debug|Any CPU
		{F1BC7E8F-471C-4818-9284-DE8C974566A2}.Debug|Any CPU.Build.0 = Debug|Any CPU
		{F1BC7E8F-471C-4818-9284-DE8C974566A2}.Release|Any CPU.ActiveCfg = Release|Any CPU
		{F1BC7E8F-471C-4818-9284-DE8C974566A2}.Release|Any CPU.Build.0 = Release|Any CPU
		{686FC8C1-6AFC-4D4F-A8AF-61C76931765F}.Debug|Any CPU.ActiveCfg = Debug|Any CPU
		{686FC8C1-6AFC-4D4F-A8AF-61C76931765F}.Debug|Any CPU.Build.0 = Debug|Any CPU
		{686FC8C1-6AFC-4D4F-A8AF-61C76931765F}.Release|Any CPU.ActiveCfg = Release|Any CPU
		{686FC8C1-6AFC-4D4F-A8AF-61C76931765F}.Release|Any CPU.Build.0 = Release|Any CPU
	EndGlobalSection
	GlobalSection(SolutionProperties) = preSolution
		HideSolutionNode = FALSE
	EndGlobalSection
	GlobalSection(ExtensibilityGlobals) = postSolution
		SolutionGuid = {171E5271-CA30-4983-AA3C-4ADECA39390F}
	EndGlobalSection
EndGlobal
